FORGE
  remote: https://forgeapi.puppetlabs.com
  specs:
    counsyl-packer (0.9.18)
      counsyl-sys (< 2.0.0, >= 0.9.18)
    counsyl-sys (0.9.22)
      puppetlabs-stdlib (< 5.0.0, >= 4.7.0)
    garethr-docker (5.3.0)
      puppetlabs-apt (<= 3.0.0, >= 1.8.0)
      puppetlabs-stdlib (>= 4.1.0)
      stahnma-epel (>= 0.0.6)
    puppetlabs-apt (3.0.0)
      puppetlabs-stdlib (< 5.0.0, >= 4.16.0)
    puppetlabs-stdlib (4.17.1)
    stahnma-epel (1.2.2)
      puppetlabs-stdlib (>= 3.0.0)

DEPENDENCIES
  counsyl-packer (>= 0)
  garethr-docker (>= 0)

