FORGE
  remote: https://forge.puppetlabs.com
  specs:
    AlexCline/dirtree (0.2.1)
    acme/ohmyzsh (0.1.2)
      puppetlabs/stdlib (>= 0.0.0)
    attachmentgenie/ssh (1.2.2)
      puppetlabs/stdlib (>= 2.2.1)
    erikwebb/drush (0.0.2)
      rafaelfc/pear (>= 0.0.0)
    fsalum/redis (0.0.12)
      thias/sysctl (= 0.3.0)
    garethr/docker (0.13.0)
      puppetlabs/apt (>= 1.1.0)
      puppetlabs/stdlib (>= 4.1.0)
      stahnma/epel (>= 0.0.6)
    nanliu/staging (0.4.0)
    nodes/php (0.8.3)
      puppetlabs/apt (> 0.0.0)
      puppetlabs/stdlib (> 0.0.0)
    nrvale0/packer (0.1.4)
      AlexCline/dirtree (>= 0.2.1)
      nanliu/staging (>= 0.4.0)
      puppetlabs/stdlib (>= 3.2.0)
    puppetlabs/apache (1.0.1)
      puppetlabs/concat (>= 1.0.0)
      puppetlabs/stdlib (>= 2.4.0)
    puppetlabs/apt (1.4.2)
      puppetlabs/stdlib (>= 2.2.1)
    puppetlabs/concat (1.1.0)
      puppetlabs/stdlib (>= 4.0.0)
    puppetlabs/firewall (1.1.1)
    puppetlabs/mysql (2.2.3)
      puppetlabs/stdlib (>= 3.2.0)
    puppetlabs/nodejs (0.4.0)
      puppetlabs/apt (>= 0.0.3)
      puppetlabs/stdlib (>= 2.0.0)
    puppetlabs/stdlib (4.2.1)
    rafaelfc/pear (1.0.3)
    saz/memcached (2.4.0)
      puppetlabs/firewall (>= 0.1.0)
      puppetlabs/stdlib (>= 3.2.0)
    stahnma/epel (0.0.6)
    thias/sysctl (0.3.0)

DEPENDENCIES
  acme/ohmyzsh (>= 0)
  attachmentgenie/ssh (>= 0)
  erikwebb/drush (>= 0)
  fsalum/redis (>= 0)
  garethr/docker (>= 0)
  nodes/php (= 0.8.3)
  nrvale0/packer (>= 0)
  puppetlabs/apache (>= 0)
  puppetlabs/mysql (>= 0)
  puppetlabs/nodejs (>= 0)
  saz/memcached (>= 0)

